
Microsoft Visual Studio Solution File, Format Version 12.00
# Visual Studio Version 16
VisualStudioVersion = 16.0.30330.147
MinimumVisualStudioVersion = 10.0.40219.1
Project("{8BC9CEB8-8B4A-11D0-8D11-00A0C91BC942}") = "1007", "1007\1007.vcxproj", "{BA2568B4-FFD6-4E76-ADDB-4257D81192C0}"
EndProject
Project("{8BC9CEB8-8B4A-11D0-8D11-00A0C91BC942}") = "1017", "1017\1017.vcxproj", "{D64DF27D-0249-41F4-9322-83E372ACA234}"
EndProject
Project("{8BC9CEB8-8B4A-11D0-8D11-00A0C91BC942}") = "1027", "1027\1027.vcxproj", "{2D828E70-E4A9-4977-87E7-C3C94BFC98A4}"
EndProject
Project("{8BC9CEB8-8B4A-11D0-8D11-00A0C91BC942}") = "0033", "0033\0033.vcxproj", "{D50FF144-84A3-4D73-8891-5F03856B2DB3}"
EndProject
Project("{8BC9CEB8-8B4A-11D0-8D11-00A0C91BC942}") = "0028", "0028\0028.vcxproj", "{10246DB1-DC88-4A7E-9F4D-A1838A40EBE3}"
EndProject
Project("{8BC9CEB8-8B4A-11D0-8D11-00A0C91BC942}") = "1061", "1061\1061.vcxproj", "{574846DB-19FD-427C-83FF-8A86B880CC26}"
EndProject
Project("{8BC9CEB8-8B4A-11D0-8D11-00A0C91BC942}") = "1062", "1062\1062.vcxproj", "{397E88CE-56A5-406B-861F-0013C18F1325}"
EndProject
Project("{8BC9CEB8-8B4A-11D0-8D11-00A0C91BC942}") = "1099", "1099\1099.vcxproj", "{FF266352-76F6-478D-9203-563F5254A400}"
EndProject
Project("{8BC9CEB8-8B4A-11D0-8D11-00A0C91BC942}") = "1020", "1020\1020.vcxproj", "{BEB5491C-EA0C-40BB-B684-09EA17A7C7B5}"
EndProject
Project("{8BC9CEB8-8B4A-11D0-8D11-00A0C91BC942}") = "1006", "1006\1006.vcxproj", "{D8EDD605-3146-4031-913E-2FC76432B431}"
EndProject
Project("{8BC9CEB8-8B4A-11D0-8D11-00A0C91BC942}") = "0038", "0038\0038.vcxproj", "{709889DC-A528-4A87-8AA3-1374562D5D2A}"
EndProject
Project("{8BC9CEB8-8B4A-11D0-8D11-00A0C91BC942}") = "0039", "0039\0039.vcxproj", "{501D713F-DBE6-4ED7-B9D5-4F0491E5A6E2}"
EndProject
Project("{8BC9CEB8-8B4A-11D0-8D11-00A0C91BC942}") = "borntodev_Dora_The_Explorer", "borntodev_Dora_The_Explorer\borntodev_Dora_The_Explorer.vcxproj", "{1635EFA1-DA34-4B8C-BB8F-0FA436F1F6EF}"
EndProject
Project("{8BC9CEB8-8B4A-11D0-8D11-00A0C91BC942}") = "borntodev_Max_Array_of_Integer", "borntodev_Max_Array_of_Integer\borntodev_Max_Array_of_Integer.vcxproj", "{707FF37D-B784-4002-A5A9-F0932EFD334F}"
EndProject
Project("{8BC9CEB8-8B4A-11D0-8D11-00A0C91BC942}") = "0019", "0019\0019.vcxproj", "{30CD4DCB-E2F4-4634-BBC3-EE186F2CA036}"
EndProject
Project("{8BC9CEB8-8B4A-11D0-8D11-00A0C91BC942}") = "Project_Euler_29", "Project_Euler_29\Project_Euler_29.vcxproj", "{04560DEB-5740-42BE-9F02-FD107A759396}"
EndProject
Project("{8BC9CEB8-8B4A-11D0-8D11-00A0C91BC942}") = "1056", "1056\1056.vcxproj", "{4CF96457-FE36-426B-9F5C-961EB4C6BFAC}"
EndProject
Global
	GlobalSection(SolutionConfigurationPlatforms) = preSolution
		Debug|x64 = Debug|x64
		Debug|x86 = Debug|x86
		Release|x64 = Release|x64
		Release|x86 = Release|x86
	EndGlobalSection
	GlobalSection(ProjectConfigurationPlatforms) = postSolution
		{BA2568B4-FFD6-4E76-ADDB-4257D81192C0}.Debug|x64.ActiveCfg = Debug|x64
		{BA2568B4-FFD6-4E76-ADDB-4257D81192C0}.Debug|x64.Build.0 = Debug|x64
		{BA2568B4-FFD6-4E76-ADDB-4257D81192C0}.Debug|x86.ActiveCfg = Debug|Win32
		{BA2568B4-FFD6-4E76-ADDB-4257D81192C0}.Debug|x86.Build.0 = Debug|Win32
		{BA2568B4-FFD6-4E76-ADDB-4257D81192C0}.Release|x64.ActiveCfg = Release|x64
		{BA2568B4-FFD6-4E76-ADDB-4257D81192C0}.Release|x64.Build.0 = Release|x64
		{BA2568B4-FFD6-4E76-ADDB-4257D81192C0}.Release|x86.ActiveCfg = Release|Win32
		{BA2568B4-FFD6-4E76-ADDB-4257D81192C0}.Release|x86.Build.0 = Release|Win32
		{D64DF27D-0249-41F4-9322-83E372ACA234}.Debug|x64.ActiveCfg = Debug|x64
		{D64DF27D-0249-41F4-9322-83E372ACA234}.Debug|x64.Build.0 = Debug|x64
		{D64DF27D-0249-41F4-9322-83E372ACA234}.Debug|x86.ActiveCfg = Debug|Win32
		{D64DF27D-0249-41F4-9322-83E372ACA234}.Debug|x86.Build.0 = Debug|Win32
		{D64DF27D-0249-41F4-9322-83E372ACA234}.Release|x64.ActiveCfg = Release|x64
		{D64DF27D-0249-41F4-9322-83E372ACA234}.Release|x64.Build.0 = Release|x64
		{D64DF27D-0249-41F4-9322-83E372ACA234}.Release|x86.ActiveCfg = Release|Win32
		{D64DF27D-0249-41F4-9322-83E372ACA234}.Release|x86.Build.0 = Release|Win32
		{2D828E70-E4A9-4977-87E7-C3C94BFC98A4}.Debug|x64.ActiveCfg = Debug|x64
		{2D828E70-E4A9-4977-87E7-C3C94BFC98A4}.Debug|x64.Build.0 = Debug|x64
		{2D828E70-E4A9-4977-87E7-C3C94BFC98A4}.Debug|x86.ActiveCfg = Debug|Win32
		{2D828E70-E4A9-4977-87E7-C3C94BFC98A4}.Debug|x86.Build.0 = Debug|Win32
		{2D828E70-E4A9-4977-87E7-C3C94BFC98A4}.Release|x64.ActiveCfg = Release|x64
		{2D828E70-E4A9-4977-87E7-C3C94BFC98A4}.Release|x64.Build.0 = Release|x64
		{2D828E70-E4A9-4977-87E7-C3C94BFC98A4}.Release|x86.ActiveCfg = Release|Win32
		{2D828E70-E4A9-4977-87E7-C3C94BFC98A4}.Release|x86.Build.0 = Release|Win32
		{D50FF144-84A3-4D73-8891-5F03856B2DB3}.Debug|x64.ActiveCfg = Debug|x64
		{D50FF144-84A3-4D73-8891-5F03856B2DB3}.Debug|x64.Build.0 = Debug|x64
		{D50FF144-84A3-4D73-8891-5F03856B2DB3}.Debug|x86.ActiveCfg = Debug|Win32
		{D50FF144-84A3-4D73-8891-5F03856B2DB3}.Debug|x86.Build.0 = Debug|Win32
		{D50FF144-84A3-4D73-8891-5F03856B2DB3}.Release|x64.ActiveCfg = Release|x64
		{D50FF144-84A3-4D73-8891-5F03856B2DB3}.Release|x64.Build.0 = Release|x64
		{D50FF144-84A3-4D73-8891-5F03856B2DB3}.Release|x86.ActiveCfg = Release|Win32
		{D50FF144-84A3-4D73-8891-5F03856B2DB3}.Release|x86.Build.0 = Release|Win32
		{10246DB1-DC88-4A7E-9F4D-A1838A40EBE3}.Debug|x64.ActiveCfg = Debug|x64
		{10246DB1-DC88-4A7E-9F4D-A1838A40EBE3}.Debug|x64.Build.0 = Debug|x64
		{10246DB1-DC88-4A7E-9F4D-A1838A40EBE3}.Debug|x86.ActiveCfg = Debug|Win32
		{10246DB1-DC88-4A7E-9F4D-A1838A40EBE3}.Debug|x86.Build.0 = Debug|Win32
		{10246DB1-DC88-4A7E-9F4D-A1838A40EBE3}.Release|x64.ActiveCfg = Release|x64
		{10246DB1-DC88-4A7E-9F4D-A1838A40EBE3}.Release|x64.Build.0 = Release|x64
		{10246DB1-DC88-4A7E-9F4D-A1838A40EBE3}.Release|x86.ActiveCfg = Release|Win32
		{10246DB1-DC88-4A7E-9F4D-A1838A40EBE3}.Release|x86.Build.0 = Release|Win32
		{574846DB-19FD-427C-83FF-8A86B880CC26}.Debug|x64.ActiveCfg = Debug|x64
		{574846DB-19FD-427C-83FF-8A86B880CC26}.Debug|x64.Build.0 = Debug|x64
		{574846DB-19FD-427C-83FF-8A86B880CC26}.Debug|x86.ActiveCfg = Debug|Win32
		{574846DB-19FD-427C-83FF-8A86B880CC26}.Debug|x86.Build.0 = Debug|Win32
		{574846DB-19FD-427C-83FF-8A86B880CC26}.Release|x64.ActiveCfg = Release|x64
		{574846DB-19FD-427C-83FF-8A86B880CC26}.Release|x64.Build.0 = Release|x64
		{574846DB-19FD-427C-83FF-8A86B880CC26}.Release|x86.ActiveCfg = Release|Win32
		{574846DB-19FD-427C-83FF-8A86B880CC26}.Release|x86.Build.0 = Release|Win32
		{397E88CE-56A5-406B-861F-0013C18F1325}.Debug|x64.ActiveCfg = Debug|x64
		{397E88CE-56A5-406B-861F-0013C18F1325}.Debug|x64.Build.0 = Debug|x64
		{397E88CE-56A5-406B-861F-0013C18F1325}.Debug|x86.ActiveCfg = Debug|Win32
		{397E88CE-56A5-406B-861F-0013C18F1325}.Debug|x86.Build.0 = Debug|Win32
		{397E88CE-56A5-406B-861F-0013C18F1325}.Release|x64.ActiveCfg = Release|x64
		{397E88CE-56A5-406B-861F-0013C18F1325}.Release|x64.Build.0 = Release|x64
		{397E88CE-56A5-406B-861F-0013C18F1325}.Release|x86.ActiveCfg = Release|Win32
		{397E88CE-56A5-406B-861F-0013C18F1325}.Release|x86.Build.0 = Release|Win32
		{FF266352-76F6-478D-9203-563F5254A400}.Debug|x64.ActiveCfg = Debug|x64
		{FF266352-76F6-478D-9203-563F5254A400}.Debug|x64.Build.0 = Debug|x64
		{FF266352-76F6-478D-9203-563F5254A400}.Debug|x86.ActiveCfg = Debug|Win32
		{FF266352-76F6-478D-9203-563F5254A400}.Debug|x86.Build.0 = Debug|Win32
		{FF266352-76F6-478D-9203-563F5254A400}.Release|x64.ActiveCfg = Release|x64
		{FF266352-76F6-478D-9203-563F5254A400}.Release|x64.Build.0 = Release|x64
		{FF266352-76F6-478D-9203-563F5254A400}.Release|x86.ActiveCfg = Release|Win32
		{FF266352-76F6-478D-9203-563F5254A400}.Release|x86.Build.0 = Release|Win32
		{BEB5491C-EA0C-40BB-B684-09EA17A7C7B5}.Debug|x64.ActiveCfg = Debug|x64
		{BEB5491C-EA0C-40BB-B684-09EA17A7C7B5}.Debug|x64.Build.0 = Debug|x64
		{BEB5491C-EA0C-40BB-B684-09EA17A7C7B5}.Debug|x86.ActiveCfg = Debug|Win32
		{BEB5491C-EA0C-40BB-B684-09EA17A7C7B5}.Debug|x86.Build.0 = Debug|Win32
		{BEB5491C-EA0C-40BB-B684-09EA17A7C7B5}.Release|x64.ActiveCfg = Release|x64
		{BEB5491C-EA0C-40BB-B684-09EA17A7C7B5}.Release|x64.Build.0 = Release|x64
		{BEB5491C-EA0C-40BB-B684-09EA17A7C7B5}.Release|x86.ActiveCfg = Release|Win32
		{BEB5491C-EA0C-40BB-B684-09EA17A7C7B5}.Release|x86.Build.0 = Release|Win32
		{D8EDD605-3146-4031-913E-2FC76432B431}.Debug|x64.ActiveCfg = Debug|x64
		{D8EDD605-3146-4031-913E-2FC76432B431}.Debug|x64.Build.0 = Debug|x64
		{D8EDD605-3146-4031-913E-2FC76432B431}.Debug|x86.ActiveCfg = Debug|Win32
		{D8EDD605-3146-4031-913E-2FC76432B431}.Debug|x86.Build.0 = Debug|Win32
		{D8EDD605-3146-4031-913E-2FC76432B431}.Release|x64.ActiveCfg = Release|x64
		{D8EDD605-3146-4031-913E-2FC76432B431}.Release|x64.Build.0 = Release|x64
		{D8EDD605-3146-4031-913E-2FC76432B431}.Release|x86.ActiveCfg = Release|Win32
		{D8EDD605-3146-4031-913E-2FC76432B431}.Release|x86.Build.0 = Release|Win32
		{709889DC-A528-4A87-8AA3-1374562D5D2A}.Debug|x64.ActiveCfg = Debug|x64
		{709889DC-A528-4A87-8AA3-1374562D5D2A}.Debug|x64.Build.0 = Debug|x64
		{709889DC-A528-4A87-8AA3-1374562D5D2A}.Debug|x86.ActiveCfg = Debug|Win32
		{709889DC-A528-4A87-8AA3-1374562D5D2A}.Debug|x86.Build.0 = Debug|Win32
		{709889DC-A528-4A87-8AA3-1374562D5D2A}.Release|x64.ActiveCfg = Release|x64
		{709889DC-A528-4A87-8AA3-1374562D5D2A}.Release|x64.Build.0 = Release|x64
		{709889DC-A528-4A87-8AA3-1374562D5D2A}.Release|x86.ActiveCfg = Release|Win32
		{709889DC-A528-4A87-8AA3-1374562D5D2A}.Release|x86.Build.0 = Release|Win32
		{501D713F-DBE6-4ED7-B9D5-4F0491E5A6E2}.Debug|x64.ActiveCfg = Debug|x64
		{501D713F-DBE6-4ED7-B9D5-4F0491E5A6E2}.Debug|x64.Build.0 = Debug|x64
		{501D713F-DBE6-4ED7-B9D5-4F0491E5A6E2}.Debug|x86.ActiveCfg = Debug|Win32
		{501D713F-DBE6-4ED7-B9D5-4F0491E5A6E2}.Debug|x86.Build.0 = Debug|Win32
		{501D713F-DBE6-4ED7-B9D5-4F0491E5A6E2}.Release|x64.ActiveCfg = Release|x64
		{501D713F-DBE6-4ED7-B9D5-4F0491E5A6E2}.Release|x64.Build.0 = Release|x64
		{501D713F-DBE6-4ED7-B9D5-4F0491E5A6E2}.Release|x86.ActiveCfg = Release|Win32
		{501D713F-DBE6-4ED7-B9D5-4F0491E5A6E2}.Release|x86.Build.0 = Release|Win32
		{1635EFA1-DA34-4B8C-BB8F-0FA436F1F6EF}.Debug|x64.ActiveCfg = Debug|x64
		{1635EFA1-DA34-4B8C-BB8F-0FA436F1F6EF}.Debug|x64.Build.0 = Debug|x64
		{1635EFA1-DA34-4B8C-BB8F-0FA436F1F6EF}.Debug|x86.ActiveCfg = Debug|Win32
		{1635EFA1-DA34-4B8C-BB8F-0FA436F1F6EF}.Debug|x86.Build.0 = Debug|Win32
		{1635EFA1-DA34-4B8C-BB8F-0FA436F1F6EF}.Release|x64.ActiveCfg = Release|x64
		{1635EFA1-DA34-4B8C-BB8F-0FA436F1F6EF}.Release|x64.Build.0 = Release|x64
		{1635EFA1-DA34-4B8C-BB8F-0FA436F1F6EF}.Release|x86.ActiveCfg = Release|Win32
		{1635EFA1-DA34-4B8C-BB8F-0FA436F1F6EF}.Release|x86.Build.0 = Release|Win32
		{707FF37D-B784-4002-A5A9-F0932EFD334F}.Debug|x64.ActiveCfg = Debug|x64
		{707FF37D-B784-4002-A5A9-F0932EFD334F}.Debug|x64.Build.0 = Debug|x64
		{707FF37D-B784-4002-A5A9-F0932EFD334F}.Debug|x86.ActiveCfg = Debug|Win32
		{707FF37D-B784-4002-A5A9-F0932EFD334F}.Debug|x86.Build.0 = Debug|Win32
		{707FF37D-B784-4002-A5A9-F0932EFD334F}.Release|x64.ActiveCfg = Release|x64
		{707FF37D-B784-4002-A5A9-F0932EFD334F}.Release|x64.Build.0 = Release|x64
		{707FF37D-B784-4002-A5A9-F0932EFD334F}.Release|x86.ActiveCfg = Release|Win32
		{707FF37D-B784-4002-A5A9-F0932EFD334F}.Release|x86.Build.0 = Release|Win32
		{30CD4DCB-E2F4-4634-BBC3-EE186F2CA036}.Debug|x64.ActiveCfg = Debug|x64
		{30CD4DCB-E2F4-4634-BBC3-EE186F2CA036}.Debug|x64.Build.0 = Debug|x64
		{30CD4DCB-E2F4-4634-BBC3-EE186F2CA036}.Debug|x86.ActiveCfg = Debug|Win32
		{30CD4DCB-E2F4-4634-BBC3-EE186F2CA036}.Debug|x86.Build.0 = Debug|Win32
		{30CD4DCB-E2F4-4634-BBC3-EE186F2CA036}.Release|x64.ActiveCfg = Release|x64
		{30CD4DCB-E2F4-4634-BBC3-EE186F2CA036}.Release|x64.Build.0 = Release|x64
		{30CD4DCB-E2F4-4634-BBC3-EE186F2CA036}.Release|x86.ActiveCfg = Release|Win32
		{30CD4DCB-E2F4-4634-BBC3-EE186F2CA036}.Release|x86.Build.0 = Release|Win32
		{04560DEB-5740-42BE-9F02-FD107A759396}.Debug|x64.ActiveCfg = Debug|x64
		{04560DEB-5740-42BE-9F02-FD107A759396}.Debug|x64.Build.0 = Debug|x64
		{04560DEB-5740-42BE-9F02-FD107A759396}.Debug|x86.ActiveCfg = Debug|Win32
		{04560DEB-5740-42BE-9F02-FD107A759396}.Debug|x86.Build.0 = Debug|Win32
		{04560DEB-5740-42BE-9F02-FD107A759396}.Release|x64.ActiveCfg = Release|x64
		{04560DEB-5740-42BE-9F02-FD107A759396}.Release|x64.Build.0 = Release|x64
		{04560DEB-5740-42BE-9F02-FD107A759396}.Release|x86.ActiveCfg = Release|Win32
		{04560DEB-5740-42BE-9F02-FD107A759396}.Release|x86.Build.0 = Release|Win32
		{4CF96457-FE36-426B-9F5C-961EB4C6BFAC}.Debug|x64.ActiveCfg = Debug|x64
		{4CF96457-FE36-426B-9F5C-961EB4C6BFAC}.Debug|x64.Build.0 = Debug|x64
		{4CF96457-FE36-426B-9F5C-961EB4C6BFAC}.Debug|x86.ActiveCfg = Debug|Win32
		{4CF96457-FE36-426B-9F5C-961EB4C6BFAC}.Debug|x86.Build.0 = Debug|Win32
		{4CF96457-FE36-426B-9F5C-961EB4C6BFAC}.Release|x64.ActiveCfg = Release|x64
		{4CF96457-FE36-426B-9F5C-961EB4C6BFAC}.Release|x64.Build.0 = Release|x64
		{4CF96457-FE36-426B-9F5C-961EB4C6BFAC}.Release|x86.ActiveCfg = Release|Win32
		{4CF96457-FE36-426B-9F5C-961EB4C6BFAC}.Release|x86.Build.0 = Release|Win32
	EndGlobalSection
	GlobalSection(SolutionProperties) = preSolution
		HideSolutionNode = FALSE
	EndGlobalSection
	GlobalSection(ExtensibilityGlobals) = postSolution
		SolutionGuid = {14A3D111-8D08-4BD7-8717-9D708A4EBBE0}
	EndGlobalSection
EndGlobal
